
Microsoft Visual Studio Solution File, Format Version 12.00
# Visual Studio Version 16
VisualStudioVersion = 16.0.28803.202
MinimumVisualStudioVersion = 10.0.40219.1
Project("{9A19103F-16F7-4668-BE54-9A1E7A4F7556}") = "XlsxText", "XlsxText\XlsxText.csproj", "{0D513931-4198-47FA-AD55-D8D40DED3751}"
EndProject
Project("{FAE04EC0-301F-11D3-BF4B-00C04F79EFBC}") = "XlsxText.Example", "XlsxText.Example\XlsxText.Example.csproj", "{FC61C254-490A-42A8-9403-B0DC44D3E701}"
EndProject
Global
	GlobalSection(SolutionConfigurationPlatforms) = preSolution
		Debug|Any CPU = Debug|Any CPU
		Release|Any CPU = Release|Any CPU
	EndGlobalSection
	GlobalSection(ProjectConfigurationPlatforms) = postSolution
		{0D513931-4198-47FA-AD55-D8D40DED3751}.Debug|Any CPU.ActiveCfg = Debug|Any CPU
		{0D513931-4198-47FA-AD55-D8D40DED3751}.Debug|Any CPU.Build.0 = Debug|Any CPU
		{0D513931-4198-47FA-AD55-D8D40DED3751}.Release|Any CPU.ActiveCfg = Release|Any CPU
		{0D513931-4198-47FA-AD55-D8D40DED3751}.Release|Any CPU.Build.0 = Release|Any CPU
		{FC61C254-490A-42A8-9403-B0DC44D3E701}.Debug|Any CPU.ActiveCfg = Debug|Any CPU
		{FC61C254-490A-42A8-9403-B0DC44D3E701}.Debug|Any CPU.Build.0 = Debug|Any CPU
		{FC61C254-490A-42A8-9403-B0DC44D3E701}.Release|Any CPU.ActiveCfg = Release|Any CPU
		{FC61C254-490A-42A8-9403-B0DC44D3E701}.Release|Any CPU.Build.0 = Release|Any CPU
	EndGlobalSection
	GlobalSection(SolutionProperties) = preSolution
		HideSolutionNode = FALSE
	EndGlobalSection
	GlobalSection(ExtensibilityGlobals) = postSolution
		SolutionGuid = {9D70B861-C5B7-4FE2-94B6-D3B980E83B09}
	EndGlobalSection
EndGlobal
